
Microsoft Visual Studio Solution File, Format Version 12.00
# Visual Studio Version 16
VisualStudioVersion = 16.0.29009.5
MinimumVisualStudioVersion = 10.0.40219.1
Project("{FAE04EC0-301F-11D3-BF4B-00C04F79EFBC}") = "PECmd", "PECmd\PECmd.csproj", "{C928C55D-BEC3-42CD-A775-BBB19C00F2BB}"
EndProject
Global
	GlobalSection(SolutionConfigurationPlatforms) = preSolution
		Debug|Any CPU = Debug|Any CPU
		Release|Any CPU = Release|Any CPU
	EndGlobalSection
	GlobalSection(ProjectConfigurationPlatforms) = postSolution
		{C928C55D-BEC3-42CD-A775-BBB19C00F2BB}.Debug|Any CPU.ActiveCfg = Debug|Any CPU
		{C928C55D-BEC3-42CD-A775-BBB19C00F2BB}.Debug|Any CPU.Build.0 = Debug|Any CPU
		{C928C55D-BEC3-42CD-A775-BBB19C00F2BB}.Release|Any CPU.ActiveCfg = Release|Any CPU
		{C928C55D-BEC3-42CD-A775-BBB19C00F2BB}.Release|Any CPU.Build.0 = Release|Any CPU
	EndGlobalSection
	GlobalSection(SolutionProperties) = preSolution
		HideSolutionNode = FALSE
	EndGlobalSection
	GlobalSection(ExtensibilityGlobals) = postSolution
		SolutionGuid = {BF3CFD80-33FF-4388-AC41-71A6FD96A6DA}
	EndGlobalSection
EndGlobal
